
Microsoft Visual Studio Solution File, Format Version 12.00
# Visual Studio Version 17
VisualStudioVersion = 17.0.32112.339
MinimumVisualStudioVersion = 10.0.40219.1
Project("{8BC9CEB8-8B4A-11D0-8D11-00A0C91BC942}") = "tester3", "tester3.vcxproj", "{6DED654A-B170-4006-9EB4-A4F8D414FDF5}"
EndProject
Global
	GlobalSection(SolutionConfigurationPlatforms) = preSolution
		Debug|x64 = Debug|x64
		Debug|x86 = Debug|x86
		Release|x64 = Release|x64
		Release|x86 = Release|x86
	EndGlobalSection
	GlobalSection(ProjectConfigurationPlatforms) = postSolution
		{6DED654A-B170-4006-9EB4-A4F8D414FDF5}.Debug|x64.ActiveCfg = Debug|x64
		{6DED654A-B170-4006-9EB4-A4F8D414FDF5}.Debug|x64.Build.0 = Debug|x64
		{6DED654A-B170-4006-9EB4-A4F8D414FDF5}.Debug|x86.ActiveCfg = Debug|Win32
		{6DED654A-B170-4006-9EB4-A4F8D414FDF5}.Debug|x86.Build.0 = Debug|Win32
		{6DED654A-B170-4006-9EB4-A4F8D414FDF5}.Release|x64.ActiveCfg = Release|x64
		{6DED654A-B170-4006-9EB4-A4F8D414FDF5}.Release|x64.Build.0 = Release|x64
		{6DED654A-B170-4006-9EB4-A4F8D414FDF5}.Release|x86.ActiveCfg = Release|Win32
		{6DED654A-B170-4006-9EB4-A4F8D414FDF5}.Release|x86.Build.0 = Release|Win32
	EndGlobalSection
	GlobalSection(SolutionProperties) = preSolution
		HideSolutionNode = FALSE
	EndGlobalSection
	GlobalSection(ExtensibilityGlobals) = postSolution
		SolutionGuid = {178AF489-3E81-4443-A5B0-A33E9AC2FE3B}
	EndGlobalSection
EndGlobal
