
Microsoft Visual Studio Solution File, Format Version 12.00
# Visual Studio Version 17
VisualStudioVersion = 17.4.33122.133
MinimumVisualStudioVersion = 10.0.40219.1
Project("{FAE04EC0-301F-11D3-BF4B-00C04F79EFBC}") = "BindingToSoftwareApp", "BindingToSoftwareApp.csproj", "{991C8E11-8B92-4E14-962E-BD1A89AFEACB}"
EndProject
Project("{2150E333-8FDC-42A3-9474-1A3956D46DE8}") = "Элементы решения", "Элементы решения", "{34AC92E2-9D18-4656-B2CF-3C95C1CC408D}"
	ProjectSection(SolutionItems) = preProject
		System.Management.dll = System.Management.dll
	EndProjectSection
EndProject
Global
	GlobalSection(SolutionConfigurationPlatforms) = preSolution
		Debug|Any CPU = Debug|Any CPU
		Release|Any CPU = Release|Any CPU
	EndGlobalSection
	GlobalSection(ProjectConfigurationPlatforms) = postSolution
		{991C8E11-8B92-4E14-962E-BD1A89AFEACB}.Debug|Any CPU.ActiveCfg = Debug|Any CPU
		{991C8E11-8B92-4E14-962E-BD1A89AFEACB}.Debug|Any CPU.Build.0 = Debug|Any CPU
		{991C8E11-8B92-4E14-962E-BD1A89AFEACB}.Release|Any CPU.ActiveCfg = Release|Any CPU
		{991C8E11-8B92-4E14-962E-BD1A89AFEACB}.Release|Any CPU.Build.0 = Release|Any CPU
	EndGlobalSection
	GlobalSection(SolutionProperties) = preSolution
		HideSolutionNode = FALSE
	EndGlobalSection
	GlobalSection(ExtensibilityGlobals) = postSolution
		SolutionGuid = {06761E59-48DD-4C7E-A028-B3E495A7BABB}
	EndGlobalSection
EndGlobal
